// !$*UTF8*$!
{
	archiveVersion = 1;
	classes = {
	};
	objectVersion = 56;
	objects = {

/* Begin PBXBuildFile section */
		B676E2CF2BBB3A77007D6344 /* ImageItem.swift in Sources */ = {isa = PBXBuildFile; fileRef = B676E2CE2BBB3A77007D6344 /* ImageItem.swift */; };
		B676E2D22BBB4011007D6344 /* RealmHelper.swift in Sources */ = {isa = PBXBuildFile; fileRef = B676E2D12BBB4011007D6344 /* RealmHelper.swift */; };
		B68DA0FB2BBC6F0B002A9358 /* Realm in Frameworks */ = {isa = PBXBuildFile; productRef = B68DA0FA2BBC6F0B002A9358 /* Realm */; };
		B68DA0FD2BBC6F0B002A9358 /* RealmSwift in Frameworks */ = {isa = PBXBuildFile; productRef = B68DA0FC2BBC6F0B002A9358 /* RealmSwift */; };
		B68DA0FF2BBCA35A002A9358 /* EditViewController.swift in Sources */ = {isa = PBXBuildFile; fileRef = B68DA0FE2BBCA35A002A9358 /* EditViewController.swift */; };
		B68DA1132BBCA46E002A9358 /* Montserrat-Medium.ttf in Resources */ = {isa = PBXBuildFile; fileRef = B68DA1012BBCA46D002A9358 /* Montserrat-Medium.ttf */; };
		B68DA1142BBCA46E002A9358 /* Montserrat-Regular.ttf in Resources */ = {isa = PBXBuildFile; fileRef = B68DA1022BBCA46D002A9358 /* Montserrat-Regular.ttf */; };
		B68DA1152BBCA46E002A9358 /* Montserrat-Italic.ttf in Resources */ = {isa = PBXBuildFile; fileRef = B68DA1032BBCA46D002A9358 /* Montserrat-Italic.ttf */; };
		B68DA1162BBCA46E002A9358 /* Montserrat-Thin.ttf in Resources */ = {isa = PBXBuildFile; fileRef = B68DA1042BBCA46D002A9358 /* Montserrat-Thin.ttf */; };
		B68DA1172BBCA46E002A9358 /* Montserrat-ExtraLightItalic.ttf in Resources */ = {isa = PBXBuildFile; fileRef = B68DA1052BBCA46D002A9358 /* Montserrat-ExtraLightItalic.ttf */; };
		B68DA1182BBCA46E002A9358 /* Montserrat-SemiBold.ttf in Resources */ = {isa = PBXBuildFile; fileRef = B68DA1062BBCA46D002A9358 /* Montserrat-SemiBold.ttf */; };
		B68DA1192BBCA46E002A9358 /* Montserrat-ExtraBoldItalic.ttf in Resources */ = {isa = PBXBuildFile; fileRef = B68DA1072BBCA46D002A9358 /* Montserrat-ExtraBoldItalic.ttf */; };
		B68DA11A2BBCA46E002A9358 /* Montserrat-ExtraBold.ttf in Resources */ = {isa = PBXBuildFile; fileRef = B68DA1082BBCA46D002A9358 /* Montserrat-ExtraBold.ttf */; };
		B68DA11B2BBCA46E002A9358 /* Montserrat-ThinItalic.ttf in Resources */ = {isa = PBXBuildFile; fileRef = B68DA1092BBCA46D002A9358 /* Montserrat-ThinItalic.ttf */; };
		B68DA11C2BBCA46E002A9358 /* Montserrat-SemiBoldItalic.ttf in Resources */ = {isa = PBXBuildFile; fileRef = B68DA10A2BBCA46D002A9358 /* Montserrat-SemiBoldItalic.ttf */; };
		B68DA11D2BBCA46E002A9358 /* Montserrat-Bold.ttf in Resources */ = {isa = PBXBuildFile; fileRef = B68DA10B2BBCA46D002A9358 /* Montserrat-Bold.ttf */; };
		B68DA11E2BBCA46E002A9358 /* Montserrat-Black.ttf in Resources */ = {isa = PBXBuildFile; fileRef = B68DA10C2BBCA46D002A9358 /* Montserrat-Black.ttf */; };
		B68DA11F2BBCA46E002A9358 /* Montserrat-ExtraLight.ttf in Resources */ = {isa = PBXBuildFile; fileRef = B68DA10D2BBCA46D002A9358 /* Montserrat-ExtraLight.ttf */; };
		B68DA1202BBCA46E002A9358 /* Montserrat-LightItalic.ttf in Resources */ = {isa = PBXBuildFile; fileRef = B68DA10E2BBCA46D002A9358 /* Montserrat-LightItalic.ttf */; };
		B68DA1212BBCA46E002A9358 /* Montserrat-MediumItalic.ttf in Resources */ = {isa = PBXBuildFile; fileRef = B68DA10F2BBCA46D002A9358 /* Montserrat-MediumItalic.ttf */; };
		B68DA1222BBCA46E002A9358 /* Montserrat-BoldItalic.ttf in Resources */ = {isa = PBXBuildFile; fileRef = B68DA1102BBCA46D002A9358 /* Montserrat-BoldItalic.ttf */; };
		B68DA1232BBCA46E002A9358 /* Montserrat-Light.ttf in Resources */ = {isa = PBXBuildFile; fileRef = B68DA1112BBCA46D002A9358 /* Montserrat-Light.ttf */; };
		B68DA1242BBCA46E002A9358 /* Montserrat-BlackItalic.ttf in Resources */ = {isa = PBXBuildFile; fileRef = B68DA1122BBCA46E002A9358 /* Montserrat-BlackItalic.ttf */; };
		B6C055CB2BB6C2DF00DB1C7F /* AppDelegate.swift in Sources */ = {isa = PBXBuildFile; fileRef = B6C055CA2BB6C2DF00DB1C7F /* AppDelegate.swift */; };
		B6C055CD2BB6C2DF00DB1C7F /* SceneDelegate.swift in Sources */ = {isa = PBXBuildFile; fileRef = B6C055CC2BB6C2DF00DB1C7F /* SceneDelegate.swift */; };
		B6C055CF2BB6C2DF00DB1C7F /* ListViewController.swift in Sources */ = {isa = PBXBuildFile; fileRef = B6C055CE2BB6C2DF00DB1C7F /* ListViewController.swift */; };
		B6C055D22BB6C2DF00DB1C7F /* Main.storyboard in Resources */ = {isa = PBXBuildFile; fileRef = B6C055D02BB6C2DF00DB1C7F /* Main.storyboard */; };
		B6C055D42BB6C2E100DB1C7F /* Assets.xcassets in Resources */ = {isa = PBXBuildFile; fileRef = B6C055D32BB6C2E100DB1C7F /* Assets.xcassets */; };
		B6C055D72BB6C2E100DB1C7F /* LaunchScreen.storyboard in Resources */ = {isa = PBXBuildFile; fileRef = B6C055D52BB6C2E100DB1C7F /* LaunchScreen.storyboard */; };
		B6C055E52BB6C69F00DB1C7F /* ListViewModel.swift in Sources */ = {isa = PBXBuildFile; fileRef = B6C055E42BB6C69F00DB1C7F /* ListViewModel.swift */; };
		B6C055E92BB6C6E300DB1C7F /* Extensions.swift in Sources */ = {isa = PBXBuildFile; fileRef = B6C055E82BB6C6E300DB1C7F /* Extensions.swift */; };
		B6C055F22BB7F45200DB1C7F /* AddViewController.swift in Sources */ = {isa = PBXBuildFile; fileRef = B6C055F12BB7F45200DB1C7F /* AddViewController.swift */; };
		B6C055F42BB7F46700DB1C7F /* AddViewModel.swift in Sources */ = {isa = PBXBuildFile; fileRef = B6C055F32BB7F46700DB1C7F /* AddViewModel.swift */; };
		B6C056072BB9575B00DB1C7F /* PhotoCell.swift in Sources */ = {isa = PBXBuildFile; fileRef = B6C056052BB9575B00DB1C7F /* PhotoCell.swift */; };
		B6C056082BB9575B00DB1C7F /* PhotoCell.xib in Resources */ = {isa = PBXBuildFile; fileRef = B6C056062BB9575B00DB1C7F /* PhotoCell.xib */; };
/* End PBXBuildFile section */

/* Begin PBXFileReference section */
		B676E2CE2BBB3A77007D6344 /* ImageItem.swift */ = {isa = PBXFileReference; lastKnownFileType = sourcecode.swift; path = ImageItem.swift; sourceTree = "<group>"; };
		B676E2D12BBB4011007D6344 /* RealmHelper.swift */ = {isa = PBXFileReference; lastKnownFileType = sourcecode.swift; path = RealmHelper.swift; sourceTree = "<group>"; };
		B68DA0FE2BBCA35A002A9358 /* EditViewController.swift */ = {isa = PBXFileReference; lastKnownFileType = sourcecode.swift; path = EditViewController.swift; sourceTree = "<group>"; };
		B68DA1012BBCA46D002A9358 /* Montserrat-Medium.ttf */ = {isa = PBXFileReference; lastKnownFileType = file; path = "Montserrat-Medium.ttf"; sourceTree = "<group>"; };
		B68DA1022BBCA46D002A9358 /* Montserrat-Regular.ttf */ = {isa = PBXFileReference; lastKnownFileType = file; path = "Montserrat-Regular.ttf"; sourceTree = "<group>"; };
		B68DA1032BBCA46D002A9358 /* Montserrat-Italic.ttf */ = {isa = PBXFileReference; lastKnownFileType = file; path = "Montserrat-Italic.ttf"; sourceTree = "<group>"; };
		B68DA1042BBCA46D002A9358 /* Montserrat-Thin.ttf */ = {isa = PBXFileReference; lastKnownFileType = file; path = "Montserrat-Thin.ttf"; sourceTree = "<group>"; };
		B68DA1052BBCA46D002A9358 /* Montserrat-ExtraLightItalic.ttf */ = {isa = PBXFileReference; lastKnownFileType = file; path = "Montserrat-ExtraLightItalic.ttf"; sourceTree = "<group>"; };
		B68DA1062BBCA46D002A9358 /* Montserrat-SemiBold.ttf */ = {isa = PBXFileReference; lastKnownFileType = file; path = "Montserrat-SemiBold.ttf"; sourceTree = "<group>"; };
		B68DA1072BBCA46D002A9358 /* Montserrat-ExtraBoldItalic.ttf */ = {isa = PBXFileReference; lastKnownFileType = file; path = "Montserrat-ExtraBoldItalic.ttf"; sourceTree = "<group>"; };
		B68DA1082BBCA46D002A9358 /* Montserrat-ExtraBold.ttf */ = {isa = PBXFileReference; lastKnownFileType = file; path = "Montserrat-ExtraBold.ttf"; sourceTree = "<group>"; };
		B68DA1092BBCA46D002A9358 /* Montserrat-ThinItalic.ttf */ = {isa = PBXFileReference; lastKnownFileType = file; path = "Montserrat-ThinItalic.ttf"; sourceTree = "<group>"; };
		B68DA10A2BBCA46D002A9358 /* Montserrat-SemiBoldItalic.ttf */ = {isa = PBXFileReference; lastKnownFileType = file; path = "Montserrat-SemiBoldItalic.ttf"; sourceTree = "<group>"; };
		B68DA10B2BBCA46D002A9358 /* Montserrat-Bold.ttf */ = {isa = PBXFileReference; lastKnownFileType = file; path = "Montserrat-Bold.ttf"; sourceTree = "<group>"; };
		B68DA10C2BBCA46D002A9358 /* Montserrat-Black.ttf */ = {isa = PBXFileReference; lastKnownFileType = file; path = "Montserrat-Black.ttf"; sourceTree = "<group>"; };
		B68DA10D2BBCA46D002A9358 /* Montserrat-ExtraLight.ttf */ = {isa = PBXFileReference; lastKnownFileType = file; path = "Montserrat-ExtraLight.ttf"; sourceTree = "<group>"; };
		B68DA10E2BBCA46D002A9358 /* Montserrat-LightItalic.ttf */ = {isa = PBXFileReference; lastKnownFileType = file; path = "Montserrat-LightItalic.ttf"; sourceTree = "<group>"; };
		B68DA10F2BBCA46D002A9358 /* Montserrat-MediumItalic.ttf */ = {isa = PBXFileReference; lastKnownFileType = file; path = "Montserrat-MediumItalic.ttf"; sourceTree = "<group>"; };
		B68DA1102BBCA46D002A9358 /* Montserrat-BoldItalic.ttf */ = {isa = PBXFileReference; lastKnownFileType = file; path = "Montserrat-BoldItalic.ttf"; sourceTree = "<group>"; };
		B68DA1112BBCA46D002A9358 /* Montserrat-Light.ttf */ = {isa = PBXFileReference; lastKnownFileType = file; path = "Montserrat-Light.ttf"; sourceTree = "<group>"; };
		B68DA1122BBCA46E002A9358 /* Montserrat-BlackItalic.ttf */ = {isa = PBXFileReference; lastKnownFileType = file; path = "Montserrat-BlackItalic.ttf"; sourceTree = "<group>"; };
		B6C055C72BB6C2DF00DB1C7F /* prodataTechProject.app */ = {isa = PBXFileReference; explicitFileType = wrapper.application; includeInIndex = 0; path = prodataTechProject.app; sourceTree = BUILT_PRODUCTS_DIR; };
		B6C055CA2BB6C2DF00DB1C7F /* AppDelegate.swift */ = {isa = PBXFileReference; lastKnownFileType = sourcecode.swift; path = AppDelegate.swift; sourceTree = "<group>"; };
		B6C055CC2BB6C2DF00DB1C7F /* SceneDelegate.swift */ = {isa = PBXFileReference; lastKnownFileType = sourcecode.swift; path = SceneDelegate.swift; sourceTree = "<group>"; };
		B6C055CE2BB6C2DF00DB1C7F /* ListViewController.swift */ = {isa = PBXFileReference; lastKnownFileType = sourcecode.swift; path = ListViewController.swift; sourceTree = "<group>"; };
		B6C055D12BB6C2DF00DB1C7F /* Base */ = {isa = PBXFileReference; lastKnownFileType = file.storyboard; name = Base; path = Base.lproj/Main.storyboard; sourceTree = "<group>"; };
		B6C055D32BB6C2E100DB1C7F /* Assets.xcassets */ = {isa = PBXFileReference; lastKnownFileType = folder.assetcatalog; path = Assets.xcassets; sourceTree = "<group>"; };
		B6C055D62BB6C2E100DB1C7F /* Base */ = {isa = PBXFileReference; lastKnownFileType = file.storyboard; name = Base; path = Base.lproj/LaunchScreen.storyboard; sourceTree = "<group>"; };
		B6C055D82BB6C2E100DB1C7F /* Info.plist */ = {isa = PBXFileReference; lastKnownFileType = text.plist.xml; path = Info.plist; sourceTree = "<group>"; };
		B6C055E42BB6C69F00DB1C7F /* ListViewModel.swift */ = {isa = PBXFileReference; lastKnownFileType = sourcecode.swift; path = ListViewModel.swift; sourceTree = "<group>"; };
		B6C055E82BB6C6E300DB1C7F /* Extensions.swift */ = {isa = PBXFileReference; lastKnownFileType = sourcecode.swift; path = Extensions.swift; sourceTree = "<group>"; };
		B6C055F12BB7F45200DB1C7F /* AddViewController.swift */ = {isa = PBXFileReference; lastKnownFileType = sourcecode.swift; path = AddViewController.swift; sourceTree = "<group>"; };
		B6C055F32BB7F46700DB1C7F /* AddViewModel.swift */ = {isa = PBXFileReference; lastKnownFileType = sourcecode.swift; path = AddViewModel.swift; sourceTree = "<group>"; };
		B6C056052BB9575B00DB1C7F /* PhotoCell.swift */ = {isa = PBXFileReference; lastKnownFileType = sourcecode.swift; path = PhotoCell.swift; sourceTree = "<group>"; };
		B6C056062BB9575B00DB1C7F /* PhotoCell.xib */ = {isa = PBXFileReference; lastKnownFileType = file.xib; path = PhotoCell.xib; sourceTree = "<group>"; };
/* End PBXFileReference section */

/* Begin PBXFrameworksBuildPhase section */
		B6C055C42BB6C2DF00DB1C7F /* Frameworks */ = {
			isa = PBXFrameworksBuildPhase;
			buildActionMask = 2147483647;
			files = (
				B68DA0FD2BBC6F0B002A9358 /* RealmSwift in Frameworks */,
				B68DA0FB2BBC6F0B002A9358 /* Realm in Frameworks */,
			);
			runOnlyForDeploymentPostprocessing = 0;
		};
/* End PBXFrameworksBuildPhase section */

/* Begin PBXGroup section */
		B68DA1002BBCA3FA002A9358 /* Fonts */ = {
			isa = PBXGroup;
			children = (
				B68DA10C2BBCA46D002A9358 /* Montserrat-Black.ttf */,
				B68DA1122BBCA46E002A9358 /* Montserrat-BlackItalic.ttf */,
				B68DA10B2BBCA46D002A9358 /* Montserrat-Bold.ttf */,
				B68DA1102BBCA46D002A9358 /* Montserrat-BoldItalic.ttf */,
				B68DA1082BBCA46D002A9358 /* Montserrat-ExtraBold.ttf */,
				B68DA1072BBCA46D002A9358 /* Montserrat-ExtraBoldItalic.ttf */,
				B68DA10D2BBCA46D002A9358 /* Montserrat-ExtraLight.ttf */,
				B68DA1052BBCA46D002A9358 /* Montserrat-ExtraLightItalic.ttf */,
				B68DA1032BBCA46D002A9358 /* Montserrat-Italic.ttf */,
				B68DA1112BBCA46D002A9358 /* Montserrat-Light.ttf */,
				B68DA10E2BBCA46D002A9358 /* Montserrat-LightItalic.ttf */,
				B68DA1012BBCA46D002A9358 /* Montserrat-Medium.ttf */,
				B68DA10F2BBCA46D002A9358 /* Montserrat-MediumItalic.ttf */,
				B68DA1022BBCA46D002A9358 /* Montserrat-Regular.ttf */,
				B68DA1062BBCA46D002A9358 /* Montserrat-SemiBold.ttf */,
				B68DA10A2BBCA46D002A9358 /* Montserrat-SemiBoldItalic.ttf */,
				B68DA1042BBCA46D002A9358 /* Montserrat-Thin.ttf */,
				B68DA1092BBCA46D002A9358 /* Montserrat-ThinItalic.ttf */,
			);
			path = Fonts;
			sourceTree = "<group>";
		};
		B6C055BE2BB6C2DF00DB1C7F = {
			isa = PBXGroup;
			children = (
				B6C055C92BB6C2DF00DB1C7F /* prodataTechProject */,
				B6C055C82BB6C2DF00DB1C7F /* Products */,
			);
			sourceTree = "<group>";
		};
		B6C055C82BB6C2DF00DB1C7F /* Products */ = {
			isa = PBXGroup;
			children = (
				B6C055C72BB6C2DF00DB1C7F /* prodataTechProject.app */,
			);
			name = Products;
			sourceTree = "<group>";
		};
		B6C055C92BB6C2DF00DB1C7F /* prodataTechProject */ = {
			isa = PBXGroup;
			children = (
				B6C055CA2BB6C2DF00DB1C7F /* AppDelegate.swift */,
				B6C055CC2BB6C2DF00DB1C7F /* SceneDelegate.swift */,
				B6C055E12BB6C5F800DB1C7F /* Business Layer */,
				B6C055E62BB6C6C900DB1C7F /* Helper */,
				B6C055D32BB6C2E100DB1C7F /* Assets.xcassets */,
				B6C055D52BB6C2E100DB1C7F /* LaunchScreen.storyboard */,
				B6C055D82BB6C2E100DB1C7F /* Info.plist */,
			);
			path = prodataTechProject;
			sourceTree = "<group>";
		};
		B6C055DE2BB6C5D600DB1C7F /* Model */ = {
			isa = PBXGroup;
			children = (
				B676E2CE2BBB3A77007D6344 /* ImageItem.swift */,
			);
			path = Model;
			sourceTree = "<group>";
		};
		B6C055DF2BB6C5DC00DB1C7F /* View */ = {
			isa = PBXGroup;
			children = (
				B6C055EB2BB6C79200DB1C7F /* Storyboards */,
				B6C055EA2BB6C78400DB1C7F /* Cells */,
			);
			path = View;
			sourceTree = "<group>";
		};
		B6C055E12BB6C5F800DB1C7F /* Business Layer */ = {
			isa = PBXGroup;
			children = (
				B6C055DE2BB6C5D600DB1C7F /* Model */,
				B6C055DF2BB6C5DC00DB1C7F /* View */,
				B6C055E22BB6C64700DB1C7F /* ViewModel */,
			);
			path = "Business Layer";
			sourceTree = "<group>";
		};
		B6C055E22BB6C64700DB1C7F /* ViewModel */ = {
			isa = PBXGroup;
			children = (
				B6C055F02BB7F40600DB1C7F /* Add */,
				B6C055E32BB6C66A00DB1C7F /* List */,
			);
			path = ViewModel;
			sourceTree = "<group>";
		};
		B6C055E32BB6C66A00DB1C7F /* List */ = {
			isa = PBXGroup;
			children = (
				B6C055E42BB6C69F00DB1C7F /* ListViewModel.swift */,
				B6C055CE2BB6C2DF00DB1C7F /* ListViewController.swift */,
				B68DA0FE2BBCA35A002A9358 /* EditViewController.swift */,
			);
			path = List;
			sourceTree = "<group>";
		};
		B6C055E62BB6C6C900DB1C7F /* Helper */ = {
			isa = PBXGroup;
			children = (
				B6C055E82BB6C6E300DB1C7F /* Extensions.swift */,
				B676E2D12BBB4011007D6344 /* RealmHelper.swift */,
				B68DA1002BBCA3FA002A9358 /* Fonts */,
			);
			path = Helper;
			sourceTree = "<group>";
		};
		B6C055EA2BB6C78400DB1C7F /* Cells */ = {
			isa = PBXGroup;
			children = (
				B6C056052BB9575B00DB1C7F /* PhotoCell.swift */,
				B6C056062BB9575B00DB1C7F /* PhotoCell.xib */,
			);
			path = Cells;
			sourceTree = "<group>";
		};
		B6C055EB2BB6C79200DB1C7F /* Storyboards */ = {
			isa = PBXGroup;
			children = (
				B6C055D02BB6C2DF00DB1C7F /* Main.storyboard */,
			);
			path = Storyboards;
			sourceTree = "<group>";
		};
		B6C055F02BB7F40600DB1C7F /* Add */ = {
			isa = PBXGroup;
			children = (
				B6C055F32BB7F46700DB1C7F /* AddViewModel.swift */,
				B6C055F12BB7F45200DB1C7F /* AddViewController.swift */,
			);
			path = Add;
			sourceTree = "<group>";
		};
/* End PBXGroup section */

/* Begin PBXNativeTarget section */
		B6C055C62BB6C2DF00DB1C7F /* prodataTechProject */ = {
			isa = PBXNativeTarget;
			buildConfigurationList = B6C055DB2BB6C2E100DB1C7F /* Build configuration list for PBXNativeTarget "prodataTechProject" */;
			buildPhases = (
				B6C055C32BB6C2DF00DB1C7F /* Sources */,
				B6C055C42BB6C2DF00DB1C7F /* Frameworks */,
				B6C055C52BB6C2DF00DB1C7F /* Resources */,
			);
			buildRules = (
			);
			dependencies = (
			);
			name = prodataTechProject;
			packageProductDependencies = (
				B68DA0FA2BBC6F0B002A9358 /* Realm */,
				B68DA0FC2BBC6F0B002A9358 /* RealmSwift */,
			);
			productName = prodataTechProject;
			productReference = B6C055C72BB6C2DF00DB1C7F /* prodataTechProject.app */;
			productType = "com.apple.product-type.application";
		};
/* End PBXNativeTarget section */

/* Begin PBXProject section */
		B6C055BF2BB6C2DF00DB1C7F /* Project object */ = {
			isa = PBXProject;
			attributes = {
				BuildIndependentTargetsInParallel = 1;
				LastSwiftUpdateCheck = 1500;
				LastUpgradeCheck = 1500;
				TargetAttributes = {
					B6C055C62BB6C2DF00DB1C7F = {
						CreatedOnToolsVersion = 15.0.1;
					};
				};
			};
			buildConfigurationList = B6C055C22BB6C2DF00DB1C7F /* Build configuration list for PBXProject "prodataTechProject" */;
			compatibilityVersion = "Xcode 14.0";
			developmentRegion = en;
			hasScannedForEncodings = 0;
			knownRegions = (
				en,
				Base,
			);
			mainGroup = B6C055BE2BB6C2DF00DB1C7F;
			packageReferences = (
				B68DA0F92BBC6F0B002A9358 /* XCRemoteSwiftPackageReference "realm-swift" */,
			);
			productRefGroup = B6C055C82BB6C2DF00DB1C7F /* Products */;
			projectDirPath = "";
			projectRoot = "";
			targets = (
				B6C055C62BB6C2DF00DB1C7F /* prodataTechProject */,
			);
		};
/* End PBXProject section */

/* Begin PBXResourcesBuildPhase section */
		B6C055C52BB6C2DF00DB1C7F /* Resources */ = {
			isa = PBXResourcesBuildPhase;
			buildActionMask = 2147483647;
			files = (
				B6C055D72BB6C2E100DB1C7F /* LaunchScreen.storyboard in Resources */,
				B68DA11E2BBCA46E002A9358 /* Montserrat-Black.ttf in Resources */,
				B68DA1182BBCA46E002A9358 /* Montserrat-SemiBold.ttf in Resources */,
				B68DA1162BBCA46E002A9358 /* Montserrat-Thin.ttf in Resources */,
				B68DA11C2BBCA46E002A9358 /* Montserrat-SemiBoldItalic.ttf in Resources */,
				B6C056082BB9575B00DB1C7F /* PhotoCell.xib in Resources */,
				B68DA1232BBCA46E002A9358 /* Montserrat-Light.ttf in Resources */,
				B68DA1242BBCA46E002A9358 /* Montserrat-BlackItalic.ttf in Resources */,
				B68DA1142BBCA46E002A9358 /* Montserrat-Regular.ttf in Resources */,
				B68DA1152BBCA46E002A9358 /* Montserrat-Italic.ttf in Resources */,
				B6C055D42BB6C2E100DB1C7F /* Assets.xcassets in Resources */,
				B68DA1212BBCA46E002A9358 /* Montserrat-MediumItalic.ttf in Resources */,
				B68DA11B2BBCA46E002A9358 /* Montserrat-ThinItalic.ttf in Resources */,
				B68DA11A2BBCA46E002A9358 /* Montserrat-ExtraBold.ttf in Resources */,
				B68DA1172BBCA46E002A9358 /* Montserrat-ExtraLightItalic.ttf in Resources */,
				B68DA11F2BBCA46E002A9358 /* Montserrat-ExtraLight.ttf in Resources */,
				B68DA1222BBCA46E002A9358 /* Montserrat-BoldItalic.ttf in Resources */,
				B68DA1202BBCA46E002A9358 /* Montserrat-LightItalic.ttf in Resources */,
				B68DA11D2BBCA46E002A9358 /* Montserrat-Bold.ttf in Resources */,
				B68DA1192BBCA46E002A9358 /* Montserrat-ExtraBoldItalic.ttf in Resources */,
				B68DA1132BBCA46E002A9358 /* Montserrat-Medium.ttf in Resources */,
				B6C055D22BB6C2DF00DB1C7F /* Main.storyboard in Resources */,
			);
			runOnlyForDeploymentPostprocessing = 0;
		};
/* End PBXResourcesBuildPhase section */

/* Begin PBXSourcesBuildPhase section */
		B6C055C32BB6C2DF00DB1C7F /* Sources */ = {
			isa = PBXSourcesBuildPhase;
			buildActionMask = 2147483647;
			files = (
				B676E2CF2BBB3A77007D6344 /* ImageItem.swift in Sources */,
				B676E2D22BBB4011007D6344 /* RealmHelper.swift in Sources */,
				B6C055E92BB6C6E300DB1C7F /* Extensions.swift in Sources */,
				B6C055CF2BB6C2DF00DB1C7F /* ListViewController.swift in Sources */,
				B6C055F42BB7F46700DB1C7F /* AddViewModel.swift in Sources */,
				B6C055F22BB7F45200DB1C7F /* AddViewController.swift in Sources */,
				B6C055E52BB6C69F00DB1C7F /* ListViewModel.swift in Sources */,
				B6C055CB2BB6C2DF00DB1C7F /* AppDelegate.swift in Sources */,
				B6C055CD2BB6C2DF00DB1C7F /* SceneDelegate.swift in Sources */,
				B68DA0FF2BBCA35A002A9358 /* EditViewController.swift in Sources */,
				B6C056072BB9575B00DB1C7F /* PhotoCell.swift in Sources */,
			);
			runOnlyForDeploymentPostprocessing = 0;
		};
/* End PBXSourcesBuildPhase section */

/* Begin PBXVariantGroup section */
		B6C055D02BB6C2DF00DB1C7F /* Main.storyboard */ = {
			isa = PBXVariantGroup;
			children = (
				B6C055D12BB6C2DF00DB1C7F /* Base */,
			);
			name = Main.storyboard;
			sourceTree = "<group>";
		};
		B6C055D52BB6C2E100DB1C7F /* LaunchScreen.storyboard */ = {
			isa = PBXVariantGroup;
			children = (
				B6C055D62BB6C2E100DB1C7F /* Base */,
			);
			name = LaunchScreen.storyboard;
			sourceTree = "<group>";
		};
/* End PBXVariantGroup section */

/* Begin XCBuildConfiguration section */
		B6C055D92BB6C2E100DB1C7F /* Debug */ = {
			isa = XCBuildConfiguration;
			buildSettings = {
				ALWAYS_SEARCH_USER_PATHS = NO;
				ASSETCATALOG_COMPILER_GENERATE_SWIFT_ASSET_SYMBOL_EXTENSIONS = YES;
				CLANG_ANALYZER_NONNULL = YES;
				CLANG_ANALYZER_NUMBER_OBJECT_CONVERSION = YES_AGGRESSIVE;
				CLANG_CXX_LANGUAGE_STANDARD = "gnu++20";
				CLANG_ENABLE_MODULES = YES;
				CLANG_ENABLE_OBJC_ARC = YES;
				CLANG_ENABLE_OBJC_WEAK = YES;
				CLANG_WARN_BLOCK_CAPTURE_AUTORELEASING = YES;
				CLANG_WARN_BOOL_CONVERSION = YES;
				CLANG_WARN_COMMA = YES;
				CLANG_WARN_CONSTANT_CONVERSION = YES;
				CLANG_WARN_DEPRECATED_OBJC_IMPLEMENTATIONS = YES;
				CLANG_WARN_DIRECT_OBJC_ISA_USAGE = YES_ERROR;
				CLANG_WARN_DOCUMENTATION_COMMENTS = YES;
				CLANG_WARN_EMPTY_BODY = YES;
				CLANG_WARN_ENUM_CONVERSION = YES;
				CLANG_WARN_INFINITE_RECURSION = YES;
				CLANG_WARN_INT_CONVERSION = YES;
				CLANG_WARN_NON_LITERAL_NULL_CONVERSION = YES;
				CLANG_WARN_OBJC_IMPLICIT_RETAIN_SELF = YES;
				CLANG_WARN_OBJC_LITERAL_CONVERSION = YES;
				CLANG_WARN_OBJC_ROOT_CLASS = YES_ERROR;
				CLANG_WARN_QUOTED_INCLUDE_IN_FRAMEWORK_HEADER = YES;
				CLANG_WARN_RANGE_LOOP_ANALYSIS = YES;
				CLANG_WARN_STRICT_PROTOTYPES = YES;
				CLANG_WARN_SUSPICIOUS_MOVE = YES;
				CLANG_WARN_UNGUARDED_AVAILABILITY = YES_AGGRESSIVE;
				CLANG_WARN_UNREACHABLE_CODE = YES;
				CLANG_WARN__DUPLICATE_METHOD_MATCH = YES;
				COPY_PHASE_STRIP = NO;
				DEBUG_INFORMATION_FORMAT = dwarf;
				ENABLE_STRICT_OBJC_MSGSEND = YES;
				ENABLE_TESTABILITY = YES;
				ENABLE_USER_SCRIPT_SANDBOXING = YES;
				GCC_C_LANGUAGE_STANDARD = gnu17;
				GCC_DYNAMIC_NO_PIC = NO;
				GCC_NO_COMMON_BLOCKS = YES;
				GCC_OPTIMIZATION_LEVEL = 0;
				GCC_PREPROCESSOR_DEFINITIONS = (
					"DEBUG=1",
					"$(inherited)",
				);
				GCC_WARN_64_TO_32_BIT_CONVERSION = YES;
				GCC_WARN_ABOUT_RETURN_TYPE = YES_ERROR;
				GCC_WARN_UNDECLARED_SELECTOR = YES;
				GCC_WARN_UNINITIALIZED_AUTOS = YES_AGGRESSIVE;
				GCC_WARN_UNUSED_FUNCTION = YES;
				GCC_WARN_UNUSED_VARIABLE = YES;
				IPHONEOS_DEPLOYMENT_TARGET = 17.0;
				LOCALIZATION_PREFERS_STRING_CATALOGS = YES;
				MTL_ENABLE_DEBUG_INFO = INCLUDE_SOURCE;
				MTL_FAST_MATH = YES;
				ONLY_ACTIVE_ARCH = YES;
				SDKROOT = iphoneos;
				SWIFT_ACTIVE_COMPILATION_CONDITIONS = "DEBUG $(inherited)";
				SWIFT_OPTIMIZATION_LEVEL = "-Onone";
			};
			name = Debug;
		};
		B6C055DA2BB6C2E100DB1C7F /* Release */ = {
			isa = XCBuildConfiguration;
			buildSettings = {
				ALWAYS_SEARCH_USER_PATHS = NO;
				ASSETCATALOG_COMPILER_GENERATE_SWIFT_ASSET_SYMBOL_EXTENSIONS = YES;
				CLANG_ANALYZER_NONNULL = YES;
				CLANG_ANALYZER_NUMBER_OBJECT_CONVERSION = YES_AGGRESSIVE;
				CLANG_CXX_LANGUAGE_STANDARD = "gnu++20";
				CLANG_ENABLE_MODULES = YES;
				CLANG_ENABLE_OBJC_ARC = YES;
				CLANG_ENABLE_OBJC_WEAK = YES;
				CLANG_WARN_BLOCK_CAPTURE_AUTORELEASING = YES;
				CLANG_WARN_BOOL_CONVERSION = YES;
				CLANG_WARN_COMMA = YES;
				CLANG_WARN_CONSTANT_CONVERSION = YES;
				CLANG_WARN_DEPRECATED_OBJC_IMPLEMENTATIONS = YES;
				CLANG_WARN_DIRECT_OBJC_ISA_USAGE = YES_ERROR;
				CLANG_WARN_DOCUMENTATION_COMMENTS = YES;
				CLANG_WARN_EMPTY_BODY = YES;
				CLANG_WARN_ENUM_CONVERSION = YES;
				CLANG_WARN_INFINITE_RECURSION = YES;
				CLANG_WARN_INT_CONVERSION = YES;
				CLANG_WARN_NON_LITERAL_NULL_CONVERSION = YES;
				CLANG_WARN_OBJC_IMPLICIT_RETAIN_SELF = YES;
				CLANG_WARN_OBJC_LITERAL_CONVERSION = YES;
				CLANG_WARN_OBJC_ROOT_CLASS = YES_ERROR;
				CLANG_WARN_QUOTED_INCLUDE_IN_FRAMEWORK_HEADER = YES;
				CLANG_WARN_RANGE_LOOP_ANALYSIS = YES;
				CLANG_WARN_STRICT_PROTOTYPES = YES;
				CLANG_WARN_SUSPICIOUS_MOVE = YES;
				CLANG_WARN_UNGUARDED_AVAILABILITY = YES_AGGRESSIVE;
				CLANG_WARN_UNREACHABLE_CODE = YES;
				CLANG_WARN__DUPLICATE_METHOD_MATCH = YES;
				COPY_PHASE_STRIP = NO;
				DEBUG_INFORMATION_FORMAT = "dwarf-with-dsym";
				ENABLE_NS_ASSERTIONS = NO;
				ENABLE_STRICT_OBJC_MSGSEND = YES;
				ENABLE_USER_SCRIPT_SANDBOXING = YES;
				GCC_C_LANGUAGE_STANDARD = gnu17;
				GCC_NO_COMMON_BLOCKS = YES;
				GCC_WARN_64_TO_32_BIT_CONVERSION = YES;
				GCC_WARN_ABOUT_RETURN_TYPE = YES_ERROR;
				GCC_WARN_UNDECLARED_SELECTOR = YES;
				GCC_WARN_UNINITIALIZED_AUTOS = YES_AGGRESSIVE;
				GCC_WARN_UNUSED_FUNCTION = YES;
				GCC_WARN_UNUSED_VARIABLE = YES;
				IPHONEOS_DEPLOYMENT_TARGET = 17.0;
				LOCALIZATION_PREFERS_STRING_CATALOGS = YES;
				MTL_ENABLE_DEBUG_INFO = NO;
				MTL_FAST_MATH = YES;
				SDKROOT = iphoneos;
				SWIFT_COMPILATION_MODE = wholemodule;
				VALIDATE_PRODUCT = YES;
			};
			name = Release;
		};
		B6C055DC2BB6C2E100DB1C7F /* Debug */ = {
			isa = XCBuildConfiguration;
			buildSettings = {
				ASSETCATALOG_COMPILER_APPICON_NAME = AppIcon;
				ASSETCATALOG_COMPILER_GLOBAL_ACCENT_COLOR_NAME = AccentColor;
				CODE_SIGN_STYLE = Automatic;
				CURRENT_PROJECT_VERSION = 1;
				DEVELOPMENT_TEAM = 3TT7UPH6YN;
				GENERATE_INFOPLIST_FILE = YES;
				INFOPLIST_FILE = prodataTechProject/Info.plist;
				INFOPLIST_KEY_NSCameraUsageDescription = "Please give access to camera";
				INFOPLIST_KEY_NSPhotoLibraryUsageDescription = "Please give access to photo library";
				INFOPLIST_KEY_UIApplicationSupportsIndirectInputEvents = YES;
				INFOPLIST_KEY_UILaunchStoryboardName = LaunchScreen;
				INFOPLIST_KEY_UIMainStoryboardFile = Main;
				INFOPLIST_KEY_UISupportedInterfaceOrientations_iPad = "UIInterfaceOrientationPortrait UIInterfaceOrientationPortraitUpsideDown UIInterfaceOrientationLandscapeLeft UIInterfaceOrientationLandscapeRight";
				INFOPLIST_KEY_UISupportedInterfaceOrientations_iPhone = "UIInterfaceOrientationPortrait UIInterfaceOrientationLandscapeLeft UIInterfaceOrientationLandscapeRight";
				LD_RUNPATH_SEARCH_PATHS = (
					"$(inherited)",
					"@executable_path/Frameworks",
				);
				MARKETING_VERSION = 1.0;
				PRODUCT_BUNDLE_IDENTIFIER = sdm.prodataTechProject;
				PRODUCT_NAME = "$(TARGET_NAME)";
				SWIFT_EMIT_LOC_STRINGS = YES;
				SWIFT_VERSION = 5.0;
				TARGETED_DEVICE_FAMILY = "1,2";
			};
			name = Debug;
		};
		B6C055DD2BB6C2E100DB1C7F /* Release */ = {
			isa = XCBuildConfiguration;
			buildSettings = {
				ASSETCATALOG_COMPILER_APPICON_NAME = AppIcon;
				ASSETCATALOG_COMPILER_GLOBAL_ACCENT_COLOR_NAME = AccentColor;
				CODE_SIGN_STYLE = Automatic;
				CURRENT_PROJECT_VERSION = 1;
				DEVELOPMENT_TEAM = 3TT7UPH6YN;
				GENERATE_INFOPLIST_FILE = YES;
				INFOPLIST_FILE = prodataTechProject/Info.plist;
				INFOPLIST_KEY_NSCameraUsageDescription = "Please give access to camera";
				INFOPLIST_KEY_NSPhotoLibraryUsageDescription = "Please give access to photo library";
				INFOPLIST_KEY_UIApplicationSupportsIndirectInputEvents = YES;
				INFOPLIST_KEY_UILaunchStoryboardName = LaunchScreen;
				INFOPLIST_KEY_UIMainStoryboardFile = Main;
				INFOPLIST_KEY_UISupportedInterfaceOrientations_iPad = "UIInterfaceOrientationPortrait UIInterfaceOrientationPortraitUpsideDown UIInterfaceOrientationLandscapeLeft UIInterfaceOrientationLandscapeRight";
				INFOPLIST_KEY_UISupportedInterfaceOrientations_iPhone = "UIInterfaceOrientationPortrait UIInterfaceOrientationLandscapeLeft UIInterfaceOrientationLandscapeRight";
				LD_RUNPATH_SEARCH_PATHS = (
					"$(inherited)",
					"@executable_path/Frameworks",
				);
				MARKETING_VERSION = 1.0;
				PRODUCT_BUNDLE_IDENTIFIER = sdm.prodataTechProject;
				PRODUCT_NAME = "$(TARGET_NAME)";
				SWIFT_EMIT_LOC_STRINGS = YES;
				SWIFT_VERSION = 5.0;
				TARGETED_DEVICE_FAMILY = "1,2";
			};
			name = Release;
		};
/* End XCBuildConfiguration section */

/* Begin XCConfigurationList section */
		B6C055C22BB6C2DF00DB1C7F /* Build configuration list for PBXProject "prodataTechProject" */ = {
			isa = XCConfigurationList;
			buildConfigurations = (
				B6C055D92BB6C2E100DB1C7F /* Debug */,
				B6C055DA2BB6C2E100DB1C7F /* Release */,
			);
			defaultConfigurationIsVisible = 0;
			defaultConfigurationName = Release;
		};
		B6C055DB2BB6C2E100DB1C7F /* Build configuration list for PBXNativeTarget "prodataTechProject" */ = {
			isa = XCConfigurationList;
			buildConfigurations = (
				B6C055DC2BB6C2E100DB1C7F /* Debug */,
				B6C055DD2BB6C2E100DB1C7F /* Release */,
			);
			defaultConfigurationIsVisible = 0;
			defaultConfigurationName = Release;
		};
/* End XCConfigurationList section */

/* Begin XCRemoteSwiftPackageReference section */
		B68DA0F92BBC6F0B002A9358 /* XCRemoteSwiftPackageReference "realm-swift" */ = {
			isa = XCRemoteSwiftPackageReference;
			repositoryURL = "https://github.com/realm/realm-swift.git";
			requirement = {
				kind = exactVersion;
				version = 10.47.0;
			};
		};
/* End XCRemoteSwiftPackageReference section */

/* Begin XCSwiftPackageProductDependency section */
		B68DA0FA2BBC6F0B002A9358 /* Realm */ = {
			isa = XCSwiftPackageProductDependency;
			package = B68DA0F92BBC6F0B002A9358 /* XCRemoteSwiftPackageReference "realm-swift" */;
			productName = Realm;
		};
		B68DA0FC2BBC6F0B002A9358 /* RealmSwift */ = {
			isa = XCSwiftPackageProductDependency;
			package = B68DA0F92BBC6F0B002A9358 /* XCRemoteSwiftPackageReference "realm-swift" */;
			productName = RealmSwift;
		};
/* End XCSwiftPackageProductDependency section */
	};
	rootObject = B6C055BF2BB6C2DF00DB1C7F /* Project object */;
}
